
Microsoft Visual Studio Solution File, Format Version 12.00
# Visual Studio 2013
VisualStudioVersion = 12.0.30723.0
MinimumVisualStudioVersion = 10.0.40219.1
Project("{FAE04EC0-301F-11D3-BF4B-00C04F79EFBC}") = "Prerender_asp_mvc", "Prerender_asp_mvc\Prerender_asp_mvc.csproj", "{EF621345-0520-4F7A-80F4-2C04EEAF2D44}"
EndProject
Global
	GlobalSection(SolutionConfigurationPlatforms) = preSolution
		Debug|Any CPU = Debug|Any CPU
		Release|Any CPU = Release|Any CPU
	EndGlobalSection
	GlobalSection(ProjectConfigurationPlatforms) = postSolution
		{EF621345-0520-4F7A-80F4-2C04EEAF2D44}.Debug|Any CPU.ActiveCfg = Debug|Any CPU
		{EF621345-0520-4F7A-80F4-2C04EEAF2D44}.Debug|Any CPU.Build.0 = Debug|Any CPU
		{EF621345-0520-4F7A-80F4-2C04EEAF2D44}.Release|Any CPU.ActiveCfg = Release|Any CPU
		{EF621345-0520-4F7A-80F4-2C04EEAF2D44}.Release|Any CPU.Build.0 = Release|Any CPU
	EndGlobalSection
	GlobalSection(SolutionProperties) = preSolution
		HideSolutionNode = FALSE
	EndGlobalSection
EndGlobal
